
Microsoft Visual Studio Solution File, Format Version 12.00
# Visual Studio 14
VisualStudioVersion = 14.0.25420.1
MinimumVisualStudioVersion = 10.0.40219.1
Project("{2150E333-8FDC-42A3-9474-1A3956D46DE8}") = "src", "src", "{3548786B-33AA-4633-8DA5-C1787299BF98}"
EndProject
Project("{2150E333-8FDC-42A3-9474-1A3956D46DE8}") = "Solution Items", "Solution Items", "{9B303880-8AA0-4EB1-92F2-5C0CCE6C987B}"
	ProjectSection(SolutionItems) = preProject
		global.json = global.json
	EndProjectSection
EndProject
Project("{8BB2217D-0F2D-49D1-97BC-3654ED321F3B}") = "BethanyPieShop", "src\BethanyPieShop\BethanyPieShop.xproj", "{ADA31A80-6FD3-46C0-BB71-76A2BC206807}"
EndProject
Global
	GlobalSection(SolutionConfigurationPlatforms) = preSolution
		Debug|Any CPU = Debug|Any CPU
		Release|Any CPU = Release|Any CPU
	EndGlobalSection
	GlobalSection(ProjectConfigurationPlatforms) = postSolution
		{ADA31A80-6FD3-46C0-BB71-76A2BC206807}.Debug|Any CPU.ActiveCfg = Debug|Any CPU
		{ADA31A80-6FD3-46C0-BB71-76A2BC206807}.Debug|Any CPU.Build.0 = Debug|Any CPU
		{ADA31A80-6FD3-46C0-BB71-76A2BC206807}.Release|Any CPU.ActiveCfg = Release|Any CPU
		{ADA31A80-6FD3-46C0-BB71-76A2BC206807}.Release|Any CPU.Build.0 = Release|Any CPU
	EndGlobalSection
	GlobalSection(SolutionProperties) = preSolution
		HideSolutionNode = FALSE
	EndGlobalSection
	GlobalSection(NestedProjects) = preSolution
		{ADA31A80-6FD3-46C0-BB71-76A2BC206807} = {3548786B-33AA-4633-8DA5-C1787299BF98}
	EndGlobalSection
EndGlobal
